
Microsoft Visual Studio Solution File, Format Version 12.00
# Visual Studio 15
VisualStudioVersion = 15.0.28307.329
MinimumVisualStudioVersion = 10.0.40219.1
Project("{9A19103F-16F7-4668-BE54-9A1E7A4F7556}") = "CureWellDataAccessLayer", "CureWellDataAccessLayer\CureWellDataAccessLayer.csproj", "{2FBBC355-FD44-4DD4-BBB4-DCFDDBEB5139}"
EndProject
Project("{9A19103F-16F7-4668-BE54-9A1E7A4F7556}") = "CureWellWebServices", "CureWellWebServices\CureWellWebServices.csproj", "{2995B344-7A86-4E65-9616-FAA30A11E2B5}"
EndProject
Project("{9A19103F-16F7-4668-BE54-9A1E7A4F7556}") = "CureWellMVCApp", "CureWellMVCApp\CureWellMVCApp.csproj", "{C2E9E0A7-0A9A-417F-9DF5-5A1569A10B97}"
EndProject
Global
	GlobalSection(SolutionConfigurationPlatforms) = preSolution
		Debug|Any CPU = Debug|Any CPU
		Release|Any CPU = Release|Any CPU
	EndGlobalSection
	GlobalSection(ProjectConfigurationPlatforms) = postSolution
		{2FBBC355-FD44-4DD4-BBB4-DCFDDBEB5139}.Debug|Any CPU.ActiveCfg = Debug|Any CPU
		{2FBBC355-FD44-4DD4-BBB4-DCFDDBEB5139}.Debug|Any CPU.Build.0 = Debug|Any CPU
		{2FBBC355-FD44-4DD4-BBB4-DCFDDBEB5139}.Release|Any CPU.ActiveCfg = Release|Any CPU
		{2FBBC355-FD44-4DD4-BBB4-DCFDDBEB5139}.Release|Any CPU.Build.0 = Release|Any CPU
		{2995B344-7A86-4E65-9616-FAA30A11E2B5}.Debug|Any CPU.ActiveCfg = Debug|Any CPU
		{2995B344-7A86-4E65-9616-FAA30A11E2B5}.Debug|Any CPU.Build.0 = Debug|Any CPU
		{2995B344-7A86-4E65-9616-FAA30A11E2B5}.Release|Any CPU.ActiveCfg = Release|Any CPU
		{2995B344-7A86-4E65-9616-FAA30A11E2B5}.Release|Any CPU.Build.0 = Release|Any CPU
		{C2E9E0A7-0A9A-417F-9DF5-5A1569A10B97}.Debug|Any CPU.ActiveCfg = Debug|Any CPU
		{C2E9E0A7-0A9A-417F-9DF5-5A1569A10B97}.Debug|Any CPU.Build.0 = Debug|Any CPU
		{C2E9E0A7-0A9A-417F-9DF5-5A1569A10B97}.Release|Any CPU.ActiveCfg = Release|Any CPU
		{C2E9E0A7-0A9A-417F-9DF5-5A1569A10B97}.Release|Any CPU.Build.0 = Release|Any CPU
	EndGlobalSection
	GlobalSection(SolutionProperties) = preSolution
		HideSolutionNode = FALSE
	EndGlobalSection
	GlobalSection(ExtensibilityGlobals) = postSolution
		SolutionGuid = {68B46587-30AD-4920-AE1E-051F6660964A}
	EndGlobalSection
EndGlobal
